
Microsoft Visual Studio Solution File, Format Version 12.00
# Visual Studio 15
VisualStudioVersion = 15.0.28010.2019
MinimumVisualStudioVersion = 10.0.40219.1
Project("{FAE04EC0-301F-11D3-BF4B-00C04F79EFBC}") = "DU", "DU.cs\DU.csproj", "{A5C4A349-E420-4854-A5D7-195AC5938005}"
EndProject
Global
	GlobalSection(SolutionConfigurationPlatforms) = preSolution
		Debug|Any CPU = Debug|Any CPU
		Release|Any CPU = Release|Any CPU
	EndGlobalSection
	GlobalSection(ProjectConfigurationPlatforms) = postSolution
		{A5C4A349-E420-4854-A5D7-195AC5938005}.Debug|Any CPU.ActiveCfg = Debug|Any CPU
		{A5C4A349-E420-4854-A5D7-195AC5938005}.Debug|Any CPU.Build.0 = Debug|Any CPU
		{A5C4A349-E420-4854-A5D7-195AC5938005}.Release|Any CPU.ActiveCfg = Release|Any CPU
		{A5C4A349-E420-4854-A5D7-195AC5938005}.Release|Any CPU.Build.0 = Release|Any CPU
	EndGlobalSection
	GlobalSection(SolutionProperties) = preSolution
		HideSolutionNode = FALSE
	EndGlobalSection
	GlobalSection(ExtensibilityGlobals) = postSolution
		SolutionGuid = {032FCA05-70CB-4AF5-9EFB-8056441C79D8}
	EndGlobalSection
EndGlobal
